
Microsoft Visual Studio Solution File, Format Version 12.00
# Visual Studio Version 16
VisualStudioVersion = 16.0.29123.88
MinimumVisualStudioVersion = 10.0.40219.1
Project("{FAE04EC0-301F-11D3-BF4B-00C04F79EFBC}") = "Marbles On Twitch Bot", "MarblesOnTwitchBot\Marbles On Twitch Bot.csproj", "{33A35A70-3507-4DC6-BAAC-A122999773BE}"
EndProject
Project("{54435603-DBB4-11D2-8724-00A0C9A8B90C}") = "MarblesBot-Setup", "MarblesBot-Setup\MarblesBot-Setup.vdproj", "{E1F227E9-7AFA-4DCF-8702-1580F2242B43}"
EndProject
Global
	GlobalSection(SolutionConfigurationPlatforms) = preSolution
		Debug|Any CPU = Debug|Any CPU
		Release|Any CPU = Release|Any CPU
	EndGlobalSection
	GlobalSection(ProjectConfigurationPlatforms) = postSolution
		{33A35A70-3507-4DC6-BAAC-A122999773BE}.Debug|Any CPU.ActiveCfg = Debug|Any CPU
		{33A35A70-3507-4DC6-BAAC-A122999773BE}.Debug|Any CPU.Build.0 = Debug|Any CPU
		{33A35A70-3507-4DC6-BAAC-A122999773BE}.Release|Any CPU.ActiveCfg = Release|Any CPU
		{33A35A70-3507-4DC6-BAAC-A122999773BE}.Release|Any CPU.Build.0 = Release|Any CPU
		{E1F227E9-7AFA-4DCF-8702-1580F2242B43}.Debug|Any CPU.ActiveCfg = Debug
		{E1F227E9-7AFA-4DCF-8702-1580F2242B43}.Release|Any CPU.ActiveCfg = Release
	EndGlobalSection
	GlobalSection(SolutionProperties) = preSolution
		HideSolutionNode = FALSE
	EndGlobalSection
	GlobalSection(ExtensibilityGlobals) = postSolution
		SolutionGuid = {49274546-929B-4D9A-8EC5-3222F0473FB3}
	EndGlobalSection
EndGlobal
